// !$*UTF8*$!
{
	archiveVersion = 1;
	classes = {
	};
	objectVersion = 77;
	objects = {

/* Begin PBXBuildFile section */
		EBD9B76D2E1B3ACC00BA6FD3 /* README.md in Resources */ = {isa = PBXBuildFile; fileRef = EBD9B76C2E1B3AC800BA6FD3 /* README.md */; };
/* End PBXBuildFile section */

/* Begin PBXContainerItemProxy section */
		EBD9B6742E15AA9E00BA6FD3 /* PBXContainerItemProxy */ = {
			isa = PBXContainerItemProxy;
			containerPortal = EBD9B65C2E15AA9C00BA6FD3 /* Project object */;
			proxyType = 1;
			remoteGlobalIDString = EBD9B6632E15AA9C00BA6FD3;
			remoteInfo = "Smart Recorder";
		};
		EBD9B67E2E15AA9E00BA6FD3 /* PBXContainerItemProxy */ = {
			isa = PBXContainerItemProxy;
			containerPortal = EBD9B65C2E15AA9C00BA6FD3 /* Project object */;
			proxyType = 1;
			remoteGlobalIDString = EBD9B6632E15AA9C00BA6FD3;
			remoteInfo = "Smart Recorder";
		};
/* End PBXContainerItemProxy section */

/* Begin PBXFileReference section */
		EBD9B6642E15AA9C00BA6FD3 /* Smart Recorder.app */ = {isa = PBXFileReference; explicitFileType = wrapper.application; includeInIndex = 0; path = "Smart Recorder.app"; sourceTree = BUILT_PRODUCTS_DIR; };
		EBD9B6732E15AA9E00BA6FD3 /* Smart RecorderTests.xctest */ = {isa = PBXFileReference; explicitFileType = wrapper.cfbundle; includeInIndex = 0; path = "Smart RecorderTests.xctest"; sourceTree = BUILT_PRODUCTS_DIR; };
		EBD9B67D2E15AA9E00BA6FD3 /* Smart RecorderUITests.xctest */ = {isa = PBXFileReference; explicitFileType = wrapper.cfbundle; includeInIndex = 0; path = "Smart RecorderUITests.xctest"; sourceTree = BUILT_PRODUCTS_DIR; };
		EBD9B76C2E1B3AC800BA6FD3 /* README.md */ = {isa = PBXFileReference; lastKnownFileType = net.daringfireball.markdown; path = README.md; sourceTree = "<group>"; };
/* End PBXFileReference section */

/* Begin PBXFileSystemSynchronizedRootGroup section */
		EBD9B6662E15AA9C00BA6FD3 /* Smart Recorder */ = {
			isa = PBXFileSystemSynchronizedRootGroup;
			path = "Smart Recorder";
			sourceTree = "<group>";
		};
		EBD9B6762E15AA9E00BA6FD3 /* Smart RecorderTests */ = {
			isa = PBXFileSystemSynchronizedRootGroup;
			path = "Smart RecorderTests";
			sourceTree = "<group>";
		};
		EBD9B6802E15AA9E00BA6FD3 /* Smart RecorderUITests */ = {
			isa = PBXFileSystemSynchronizedRootGroup;
			path = "Smart RecorderUITests";
			sourceTree = "<group>";
		};
		EBD9B7572E1B399700BA6FD3 /* Docs */ = {
			isa = PBXFileSystemSynchronizedRootGroup;
			path = Docs;
			sourceTree = "<group>";
		};
/* End PBXFileSystemSynchronizedRootGroup section */

/* Begin PBXFrameworksBuildPhase section */
		EBD9B6612E15AA9C00BA6FD3 /* Frameworks */ = {
			isa = PBXFrameworksBuildPhase;
			buildActionMask = 2147483647;
			files = (
			);
			runOnlyForDeploymentPostprocessing = 0;
		};
		EBD9B6702E15AA9E00BA6FD3 /* Frameworks */ = {
			isa = PBXFrameworksBuildPhase;
			buildActionMask = 2147483647;
			files = (
			);
			runOnlyForDeploymentPostprocessing = 0;
		};
		EBD9B67A2E15AA9E00BA6FD3 /* Frameworks */ = {
			isa = PBXFrameworksBuildPhase;
			buildActionMask = 2147483647;
			files = (
			);
			runOnlyForDeploymentPostprocessing = 0;
		};
/* End PBXFrameworksBuildPhase section */

/* Begin PBXGroup section */
		EBD9B65B2E15AA9C00BA6FD3 = {
			isa = PBXGroup;
			children = (
				EBD9B76C2E1B3AC800BA6FD3 /* README.md */,
				EBD9B7572E1B399700BA6FD3 /* Docs */,
				EBD9B6662E15AA9C00BA6FD3 /* Smart Recorder */,
				EBD9B6762E15AA9E00BA6FD3 /* Smart RecorderTests */,
				EBD9B6802E15AA9E00BA6FD3 /* Smart RecorderUITests */,
				EBD9B6652E15AA9C00BA6FD3 /* Products */,
			);
			sourceTree = "<group>";
		};
		EBD9B6652E15AA9C00BA6FD3 /* Products */ = {
			isa = PBXGroup;
			children = (
				EBD9B6642E15AA9C00BA6FD3 /* Smart Recorder.app */,
				EBD9B6732E15AA9E00BA6FD3 /* Smart RecorderTests.xctest */,
				EBD9B67D2E15AA9E00BA6FD3 /* Smart RecorderUITests.xctest */,
			);
			name = Products;
			sourceTree = "<group>";
		};
/* End PBXGroup section */

/* Begin PBXNativeTarget section */
		EBD9B6632E15AA9C00BA6FD3 /* Smart Recorder */ = {
			isa = PBXNativeTarget;
			buildConfigurationList = EBD9B6872E15AA9E00BA6FD3 /* Build configuration list for PBXNativeTarget "Smart Recorder" */;
			buildPhases = (
				EBD9B6602E15AA9C00BA6FD3 /* Sources */,
				EBD9B6612E15AA9C00BA6FD3 /* Frameworks */,
				EBD9B6622E15AA9C00BA6FD3 /* Resources */,
			);
			buildRules = (
			);
			dependencies = (
			);
			fileSystemSynchronizedGroups = (
				EBD9B6662E15AA9C00BA6FD3 /* Smart Recorder */,
				EBD9B7572E1B399700BA6FD3 /* Docs */,
			);
			name = "Smart Recorder";
			packageProductDependencies = (
			);
			productName = "Smart Recorder";
			productReference = EBD9B6642E15AA9C00BA6FD3 /* Smart Recorder.app */;
			productType = "com.apple.product-type.application";
		};
		EBD9B6722E15AA9E00BA6FD3 /* Smart RecorderTests */ = {
			isa = PBXNativeTarget;
			buildConfigurationList = EBD9B68A2E15AA9E00BA6FD3 /* Build configuration list for PBXNativeTarget "Smart RecorderTests" */;
			buildPhases = (
				EBD9B66F2E15AA9E00BA6FD3 /* Sources */,
				EBD9B6702E15AA9E00BA6FD3 /* Frameworks */,
				EBD9B6712E15AA9E00BA6FD3 /* Resources */,
			);
			buildRules = (
			);
			dependencies = (
				EBD9B6752E15AA9E00BA6FD3 /* PBXTargetDependency */,
			);
			fileSystemSynchronizedGroups = (
				EBD9B6762E15AA9E00BA6FD3 /* Smart RecorderTests */,
			);
			name = "Smart RecorderTests";
			packageProductDependencies = (
			);
			productName = "Smart RecorderTests";
			productReference = EBD9B6732E15AA9E00BA6FD3 /* Smart RecorderTests.xctest */;
			productType = "com.apple.product-type.bundle.unit-test";
		};
		EBD9B67C2E15AA9E00BA6FD3 /* Smart RecorderUITests */ = {
			isa = PBXNativeTarget;
			buildConfigurationList = EBD9B68D2E15AA9E00BA6FD3 /* Build configuration list for PBXNativeTarget "Smart RecorderUITests" */;
			buildPhases = (
				EBD9B6792E15AA9E00BA6FD3 /* Sources */,
				EBD9B67A2E15AA9E00BA6FD3 /* Frameworks */,
				EBD9B67B2E15AA9E00BA6FD3 /* Resources */,
			);
			buildRules = (
			);
			dependencies = (
				EBD9B67F2E15AA9E00BA6FD3 /* PBXTargetDependency */,
			);
			fileSystemSynchronizedGroups = (
				EBD9B6802E15AA9E00BA6FD3 /* Smart RecorderUITests */,
			);
			name = "Smart RecorderUITests";
			packageProductDependencies = (
			);
			productName = "Smart RecorderUITests";
			productReference = EBD9B67D2E15AA9E00BA6FD3 /* Smart RecorderUITests.xctest */;
			productType = "com.apple.product-type.bundle.ui-testing";
		};
/* End PBXNativeTarget section */

/* Begin PBXProject section */
		EBD9B65C2E15AA9C00BA6FD3 /* Project object */ = {
			isa = PBXProject;
			attributes = {
				BuildIndependentTargetsInParallel = 1;
				LastSwiftUpdateCheck = 1640;
				LastUpgradeCheck = 1640;
				TargetAttributes = {
					EBD9B6632E15AA9C00BA6FD3 = {
						CreatedOnToolsVersion = 16.4;
					};
					EBD9B6722E15AA9E00BA6FD3 = {
						CreatedOnToolsVersion = 16.4;
						TestTargetID = EBD9B6632E15AA9C00BA6FD3;
					};
					EBD9B67C2E15AA9E00BA6FD3 = {
						CreatedOnToolsVersion = 16.4;
						TestTargetID = EBD9B6632E15AA9C00BA6FD3;
					};
				};
			};
			buildConfigurationList = EBD9B65F2E15AA9C00BA6FD3 /* Build configuration list for PBXProject "Smart Recorder" */;
			developmentRegion = en;
			hasScannedForEncodings = 0;
			knownRegions = (
				en,
				Base,
			);
			mainGroup = EBD9B65B2E15AA9C00BA6FD3;
			minimizedProjectReferenceProxies = 1;
			preferredProjectObjectVersion = 77;
			productRefGroup = EBD9B6652E15AA9C00BA6FD3 /* Products */;
			projectDirPath = "";
			projectRoot = "";
			targets = (
				EBD9B6632E15AA9C00BA6FD3 /* Smart Recorder */,
				EBD9B6722E15AA9E00BA6FD3 /* Smart RecorderTests */,
				EBD9B67C2E15AA9E00BA6FD3 /* Smart RecorderUITests */,
			);
		};
/* End PBXProject section */

/* Begin PBXResourcesBuildPhase section */
		EBD9B6622E15AA9C00BA6FD3 /* Resources */ = {
			isa = PBXResourcesBuildPhase;
			buildActionMask = 2147483647;
			files = (
				EBD9B76D2E1B3ACC00BA6FD3 /* README.md in Resources */,
			);
			runOnlyForDeploymentPostprocessing = 0;
		};
		EBD9B6712E15AA9E00BA6FD3 /* Resources */ = {
			isa = PBXResourcesBuildPhase;
			buildActionMask = 2147483647;
			files = (
			);
			runOnlyForDeploymentPostprocessing = 0;
		};
		EBD9B67B2E15AA9E00BA6FD3 /* Resources */ = {
			isa = PBXResourcesBuildPhase;
			buildActionMask = 2147483647;
			files = (
			);
			runOnlyForDeploymentPostprocessing = 0;
		};
/* End PBXResourcesBuildPhase section */

/* Begin PBXSourcesBuildPhase section */
		EBD9B6602E15AA9C00BA6FD3 /* Sources */ = {
			isa = PBXSourcesBuildPhase;
			buildActionMask = 2147483647;
			files = (
			);
			runOnlyForDeploymentPostprocessing = 0;
		};
		EBD9B66F2E15AA9E00BA6FD3 /* Sources */ = {
			isa = PBXSourcesBuildPhase;
			buildActionMask = 2147483647;
			files = (
			);
			runOnlyForDeploymentPostprocessing = 0;
		};
		EBD9B6792E15AA9E00BA6FD3 /* Sources */ = {
			isa = PBXSourcesBuildPhase;
			buildActionMask = 2147483647;
			files = (
			);
			runOnlyForDeploymentPostprocessing = 0;
		};
/* End PBXSourcesBuildPhase section */

/* Begin PBXTargetDependency section */
		EBD9B6752E15AA9E00BA6FD3 /* PBXTargetDependency */ = {
			isa = PBXTargetDependency;
			target = EBD9B6632E15AA9C00BA6FD3 /* Smart Recorder */;
			targetProxy = EBD9B6742E15AA9E00BA6FD3 /* PBXContainerItemProxy */;
		};
		EBD9B67F2E15AA9E00BA6FD3 /* PBXTargetDependency */ = {
			isa = PBXTargetDependency;
			target = EBD9B6632E15AA9C00BA6FD3 /* Smart Recorder */;
			targetProxy = EBD9B67E2E15AA9E00BA6FD3 /* PBXContainerItemProxy */;
		};
/* End PBXTargetDependency section */

/* Begin XCBuildConfiguration section */
		EBD9B6852E15AA9E00BA6FD3 /* Debug */ = {
			isa = XCBuildConfiguration;
			buildSettings = {
				ALWAYS_SEARCH_USER_PATHS = NO;
				ASSETCATALOG_COMPILER_GENERATE_SWIFT_ASSET_SYMBOL_EXTENSIONS = YES;
				CLANG_ANALYZER_NONNULL = YES;
				CLANG_ANALYZER_NUMBER_OBJECT_CONVERSION = YES_AGGRESSIVE;
				CLANG_CXX_LANGUAGE_STANDARD = "gnu++20";
				CLANG_ENABLE_MODULES = YES;
				CLANG_ENABLE_OBJC_ARC = YES;
				CLANG_ENABLE_OBJC_WEAK = YES;
				CLANG_WARN_BLOCK_CAPTURE_AUTORELEASING = YES;
				CLANG_WARN_BOOL_CONVERSION = YES;
				CLANG_WARN_COMMA = YES;
				CLANG_WARN_CONSTANT_CONVERSION = YES;
				CLANG_WARN_DEPRECATED_OBJC_IMPLEMENTATIONS = YES;
				CLANG_WARN_DIRECT_OBJC_ISA_USAGE = YES_ERROR;
				CLANG_WARN_DOCUMENTATION_COMMENTS = YES;
				CLANG_WARN_EMPTY_BODY = YES;
				CLANG_WARN_ENUM_CONVERSION = YES;
				CLANG_WARN_INFINITE_RECURSION = YES;
				CLANG_WARN_INT_CONVERSION = YES;
				CLANG_WARN_NON_LITERAL_NULL_CONVERSION = YES;
				CLANG_WARN_OBJC_IMPLICIT_RETAIN_SELF = YES;
				CLANG_WARN_OBJC_LITERAL_CONVERSION = YES;
				CLANG_WARN_OBJC_ROOT_CLASS = YES_ERROR;
				CLANG_WARN_QUOTED_INCLUDE_IN_FRAMEWORK_HEADER = YES;
				CLANG_WARN_RANGE_LOOP_ANALYSIS = YES;
				CLANG_WARN_STRICT_PROTOTYPES = YES;
				CLANG_WARN_SUSPICIOUS_MOVE = YES;
				CLANG_WARN_UNGUARDED_AVAILABILITY = YES_AGGRESSIVE;
				CLANG_WARN_UNREACHABLE_CODE = YES;
				CLANG_WARN__DUPLICATE_METHOD_MATCH = YES;
				COPY_PHASE_STRIP = NO;
				DEBUG_INFORMATION_FORMAT = dwarf;
				ENABLE_STRICT_OBJC_MSGSEND = YES;
				ENABLE_TESTABILITY = YES;
				ENABLE_USER_SCRIPT_SANDBOXING = YES;
				GCC_C_LANGUAGE_STANDARD = gnu17;
				GCC_DYNAMIC_NO_PIC = NO;
				GCC_NO_COMMON_BLOCKS = YES;
				GCC_OPTIMIZATION_LEVEL = 0;
				GCC_PREPROCESSOR_DEFINITIONS = (
					"DEBUG=1",
					"$(inherited)",
				);
				GCC_WARN_64_TO_32_BIT_CONVERSION = YES;
				GCC_WARN_ABOUT_RETURN_TYPE = YES_ERROR;
				GCC_WARN_UNDECLARED_SELECTOR = YES;
				GCC_WARN_UNINITIALIZED_AUTOS = YES_AGGRESSIVE;
				GCC_WARN_UNUSED_FUNCTION = YES;
				GCC_WARN_UNUSED_VARIABLE = YES;
				IPHONEOS_DEPLOYMENT_TARGET = 18.5;
				LOCALIZATION_PREFERS_STRING_CATALOGS = YES;
				MTL_ENABLE_DEBUG_INFO = INCLUDE_SOURCE;
				MTL_FAST_MATH = YES;
				ONLY_ACTIVE_ARCH = YES;
				SDKROOT = iphoneos;
				SWIFT_ACTIVE_COMPILATION_CONDITIONS = "DEBUG $(inherited)";
				SWIFT_OPTIMIZATION_LEVEL = "-Onone";
			};
			name = Debug;
		};
		EBD9B6862E15AA9E00BA6FD3 /* Release */ = {
			isa = XCBuildConfiguration;
			buildSettings = {
				ALWAYS_SEARCH_USER_PATHS = NO;
				ASSETCATALOG_COMPILER_GENERATE_SWIFT_ASSET_SYMBOL_EXTENSIONS = YES;
				CLANG_ANALYZER_NONNULL = YES;
				CLANG_ANALYZER_NUMBER_OBJECT_CONVERSION = YES_AGGRESSIVE;
				CLANG_CXX_LANGUAGE_STANDARD = "gnu++20";
				CLANG_ENABLE_MODULES = YES;
				CLANG_ENABLE_OBJC_ARC = YES;
				CLANG_ENABLE_OBJC_WEAK = YES;
				CLANG_WARN_BLOCK_CAPTURE_AUTORELEASING = YES;
				CLANG_WARN_BOOL_CONVERSION = YES;
				CLANG_WARN_COMMA = YES;
				CLANG_WARN_CONSTANT_CONVERSION = YES;
				CLANG_WARN_DEPRECATED_OBJC_IMPLEMENTATIONS = YES;
				CLANG_WARN_DIRECT_OBJC_ISA_USAGE = YES_ERROR;
				CLANG_WARN_DOCUMENTATION_COMMENTS = YES;
				CLANG_WARN_EMPTY_BODY = YES;
				CLANG_WARN_ENUM_CONVERSION = YES;
				CLANG_WARN_INFINITE_RECURSION = YES;
				CLANG_WARN_INT_CONVERSION = YES;
				CLANG_WARN_NON_LITERAL_NULL_CONVERSION = YES;
				CLANG_WARN_OBJC_IMPLICIT_RETAIN_SELF = YES;
				CLANG_WARN_OBJC_LITERAL_CONVERSION = YES;
				CLANG_WARN_OBJC_ROOT_CLASS = YES_ERROR;
				CLANG_WARN_QUOTED_INCLUDE_IN_FRAMEWORK_HEADER = YES;
				CLANG_WARN_RANGE_LOOP_ANALYSIS = YES;
				CLANG_WARN_STRICT_PROTOTYPES = YES;
				CLANG_WARN_SUSPICIOUS_MOVE = YES;
				CLANG_WARN_UNGUARDED_AVAILABILITY = YES_AGGRESSIVE;
				CLANG_WARN_UNREACHABLE_CODE = YES;
				CLANG_WARN__DUPLICATE_METHOD_MATCH = YES;
				COPY_PHASE_STRIP = NO;
				DEBUG_INFORMATION_FORMAT = "dwarf-with-dsym";
				ENABLE_NS_ASSERTIONS = NO;
				ENABLE_STRICT_OBJC_MSGSEND = YES;
				ENABLE_USER_SCRIPT_SANDBOXING = YES;
				GCC_C_LANGUAGE_STANDARD = gnu17;
				GCC_NO_COMMON_BLOCKS = YES;
				GCC_WARN_64_TO_32_BIT_CONVERSION = YES;
				GCC_WARN_ABOUT_RETURN_TYPE = YES_ERROR;
				GCC_WARN_UNDECLARED_SELECTOR = YES;
				GCC_WARN_UNINITIALIZED_AUTOS = YES_AGGRESSIVE;
				GCC_WARN_UNUSED_FUNCTION = YES;
				GCC_WARN_UNUSED_VARIABLE = YES;
				IPHONEOS_DEPLOYMENT_TARGET = 18.5;
				LOCALIZATION_PREFERS_STRING_CATALOGS = YES;
				MTL_ENABLE_DEBUG_INFO = NO;
				MTL_FAST_MATH = YES;
				SDKROOT = iphoneos;
				SWIFT_COMPILATION_MODE = wholemodule;
				VALIDATE_PRODUCT = YES;
			};
			name = Release;
		};
		EBD9B6882E15AA9E00BA6FD3 /* Debug */ = {
			isa = XCBuildConfiguration;
			buildSettings = {
				ASSETCATALOG_COMPILER_APPICON_NAME = AppIcon;
				ASSETCATALOG_COMPILER_GLOBAL_ACCENT_COLOR_NAME = AccentColor;
				CODE_SIGN_STYLE = Automatic;
				CURRENT_PROJECT_VERSION = 1;
				ENABLE_PREVIEWS = YES;
				GENERATE_INFOPLIST_FILE = YES;
				INFOPLIST_FILE = "Smart-Recorder-Info.plist";
				INFOPLIST_KEY_NSMicrophoneUsageDescription = "This app needs access to the microphone to record audio.";
				INFOPLIST_KEY_UIApplicationSceneManifest_Generation = YES;
				INFOPLIST_KEY_UIApplicationSupportsIndirectInputEvents = YES;
				INFOPLIST_KEY_UILaunchScreen_Generation = YES;
				INFOPLIST_KEY_UISupportedInterfaceOrientations_iPad = "UIInterfaceOrientationPortrait UIInterfaceOrientationPortraitUpsideDown UIInterfaceOrientationLandscapeLeft UIInterfaceOrientationLandscapeRight";
				INFOPLIST_KEY_UISupportedInterfaceOrientations_iPhone = "UIInterfaceOrientationPortrait UIInterfaceOrientationLandscapeLeft UIInterfaceOrientationLandscapeRight";
				LD_RUNPATH_SEARCH_PATHS = (
					"$(inherited)",
					"@executable_path/Frameworks",
				);
				MARKETING_VERSION = 1.0;
				PRODUCT_BUNDLE_IDENTIFIER = "Rohan-Potta.Smart-Recorder";
				PRODUCT_NAME = "$(TARGET_NAME)";
				SWIFT_EMIT_LOC_STRINGS = YES;
				SWIFT_VERSION = 5.0;
				TARGETED_DEVICE_FAMILY = "1,2";
			};
			name = Debug;
		};
		EBD9B6892E15AA9E00BA6FD3 /* Release */ = {
			isa = XCBuildConfiguration;
			buildSettings = {
				ASSETCATALOG_COMPILER_APPICON_NAME = AppIcon;
				ASSETCATALOG_COMPILER_GLOBAL_ACCENT_COLOR_NAME = AccentColor;
				CODE_SIGN_STYLE = Automatic;
				CURRENT_PROJECT_VERSION = 1;
				ENABLE_PREVIEWS = YES;
				GENERATE_INFOPLIST_FILE = YES;
				INFOPLIST_FILE = "Smart-Recorder-Info.plist";
				INFOPLIST_KEY_NSMicrophoneUsageDescription = "This app needs access to the microphone to record audio.";
				INFOPLIST_KEY_UIApplicationSceneManifest_Generation = YES;
				INFOPLIST_KEY_UIApplicationSupportsIndirectInputEvents = YES;
				INFOPLIST_KEY_UILaunchScreen_Generation = YES;
				INFOPLIST_KEY_UISupportedInterfaceOrientations_iPad = "UIInterfaceOrientationPortrait UIInterfaceOrientationPortraitUpsideDown UIInterfaceOrientationLandscapeLeft UIInterfaceOrientationLandscapeRight";
				INFOPLIST_KEY_UISupportedInterfaceOrientations_iPhone = "UIInterfaceOrientationPortrait UIInterfaceOrientationLandscapeLeft UIInterfaceOrientationLandscapeRight";
				LD_RUNPATH_SEARCH_PATHS = (
					"$(inherited)",
					"@executable_path/Frameworks",
				);
				MARKETING_VERSION = 1.0;
				PRODUCT_BUNDLE_IDENTIFIER = "Rohan-Potta.Smart-Recorder";
				PRODUCT_NAME = "$(TARGET_NAME)";
				SWIFT_EMIT_LOC_STRINGS = YES;
				SWIFT_VERSION = 5.0;
				TARGETED_DEVICE_FAMILY = "1,2";
			};
			name = Release;
		};
		EBD9B68B2E15AA9E00BA6FD3 /* Debug */ = {
			isa = XCBuildConfiguration;
			buildSettings = {
				BUNDLE_LOADER = "$(TEST_HOST)";
				CODE_SIGN_STYLE = Automatic;
				CURRENT_PROJECT_VERSION = 1;
				GENERATE_INFOPLIST_FILE = YES;
				IPHONEOS_DEPLOYMENT_TARGET = 18.5;
				MARKETING_VERSION = 1.0;
				PRODUCT_BUNDLE_IDENTIFIER = "Rohan-Potta.Smart-RecorderTests";
				PRODUCT_NAME = "$(TARGET_NAME)";
				SWIFT_EMIT_LOC_STRINGS = NO;
				SWIFT_VERSION = 5.0;
				TARGETED_DEVICE_FAMILY = "1,2";
				TEST_HOST = "$(BUILT_PRODUCTS_DIR)/Smart Recorder.app/$(BUNDLE_EXECUTABLE_FOLDER_PATH)/Smart Recorder";
			};
			name = Debug;
		};
		EBD9B68C2E15AA9E00BA6FD3 /* Release */ = {
			isa = XCBuildConfiguration;
			buildSettings = {
				BUNDLE_LOADER = "$(TEST_HOST)";
				CODE_SIGN_STYLE = Automatic;
				CURRENT_PROJECT_VERSION = 1;
				GENERATE_INFOPLIST_FILE = YES;
				IPHONEOS_DEPLOYMENT_TARGET = 18.5;
				MARKETING_VERSION = 1.0;
				PRODUCT_BUNDLE_IDENTIFIER = "Rohan-Potta.Smart-RecorderTests";
				PRODUCT_NAME = "$(TARGET_NAME)";
				SWIFT_EMIT_LOC_STRINGS = NO;
				SWIFT_VERSION = 5.0;
				TARGETED_DEVICE_FAMILY = "1,2";
				TEST_HOST = "$(BUILT_PRODUCTS_DIR)/Smart Recorder.app/$(BUNDLE_EXECUTABLE_FOLDER_PATH)/Smart Recorder";
			};
			name = Release;
		};
		EBD9B68E2E15AA9E00BA6FD3 /* Debug */ = {
			isa = XCBuildConfiguration;
			buildSettings = {
				CODE_SIGN_STYLE = Automatic;
				CURRENT_PROJECT_VERSION = 1;
				GENERATE_INFOPLIST_FILE = YES;
				MARKETING_VERSION = 1.0;
				PRODUCT_BUNDLE_IDENTIFIER = "Rohan-Potta.Smart-RecorderUITests";
				PRODUCT_NAME = "$(TARGET_NAME)";
				SWIFT_EMIT_LOC_STRINGS = NO;
				SWIFT_VERSION = 5.0;
				TARGETED_DEVICE_FAMILY = "1,2";
				TEST_TARGET_NAME = "Smart Recorder";
			};
			name = Debug;
		};
		EBD9B68F2E15AA9E00BA6FD3 /* Release */ = {
			isa = XCBuildConfiguration;
			buildSettings = {
				CODE_SIGN_STYLE = Automatic;
				CURRENT_PROJECT_VERSION = 1;
				GENERATE_INFOPLIST_FILE = YES;
				MARKETING_VERSION = 1.0;
				PRODUCT_BUNDLE_IDENTIFIER = "Rohan-Potta.Smart-RecorderUITests";
				PRODUCT_NAME = "$(TARGET_NAME)";
				SWIFT_EMIT_LOC_STRINGS = NO;
				SWIFT_VERSION = 5.0;
				TARGETED_DEVICE_FAMILY = "1,2";
				TEST_TARGET_NAME = "Smart Recorder";
			};
			name = Release;
		};
/* End XCBuildConfiguration section */

/* Begin XCConfigurationList section */
		EBD9B65F2E15AA9C00BA6FD3 /* Build configuration list for PBXProject "Smart Recorder" */ = {
			isa = XCConfigurationList;
			buildConfigurations = (
				EBD9B6852E15AA9E00BA6FD3 /* Debug */,
				EBD9B6862E15AA9E00BA6FD3 /* Release */,
			);
			defaultConfigurationIsVisible = 0;
			defaultConfigurationName = Release;
		};
		EBD9B6872E15AA9E00BA6FD3 /* Build configuration list for PBXNativeTarget "Smart Recorder" */ = {
			isa = XCConfigurationList;
			buildConfigurations = (
				EBD9B6882E15AA9E00BA6FD3 /* Debug */,
				EBD9B6892E15AA9E00BA6FD3 /* Release */,
			);
			defaultConfigurationIsVisible = 0;
			defaultConfigurationName = Release;
		};
		EBD9B68A2E15AA9E00BA6FD3 /* Build configuration list for PBXNativeTarget "Smart RecorderTests" */ = {
			isa = XCConfigurationList;
			buildConfigurations = (
				EBD9B68B2E15AA9E00BA6FD3 /* Debug */,
				EBD9B68C2E15AA9E00BA6FD3 /* Release */,
			);
			defaultConfigurationIsVisible = 0;
			defaultConfigurationName = Release;
		};
		EBD9B68D2E15AA9E00BA6FD3 /* Build configuration list for PBXNativeTarget "Smart RecorderUITests" */ = {
			isa = XCConfigurationList;
			buildConfigurations = (
				EBD9B68E2E15AA9E00BA6FD3 /* Debug */,
				EBD9B68F2E15AA9E00BA6FD3 /* Release */,
			);
			defaultConfigurationIsVisible = 0;
			defaultConfigurationName = Release;
		};
/* End XCConfigurationList section */
	};
	rootObject = EBD9B65C2E15AA9C00BA6FD3 /* Project object */;
}
